
Microsoft Visual Studio Solution File, Format Version 12.00
# Visual Studio Version 17
VisualStudioVersion = 17.3.32825.248
MinimumVisualStudioVersion = 10.0.40219.1
Project("{FAE04EC0-301F-11D3-BF4B-00C04F79EFBC}") = "Pianino", "Pianino.csproj", "{2B659C5B-190B-459D-B176-E4013B395B7F}"
EndProject
Global
	GlobalSection(SolutionConfigurationPlatforms) = preSolution
		Debug|Any CPU = Debug|Any CPU
		Release|Any CPU = Release|Any CPU
	EndGlobalSection
	GlobalSection(ProjectConfigurationPlatforms) = postSolution
		{2B659C5B-190B-459D-B176-E4013B395B7F}.Debug|Any CPU.ActiveCfg = Debug|Any CPU
		{2B659C5B-190B-459D-B176-E4013B395B7F}.Debug|Any CPU.Build.0 = Debug|Any CPU
		{2B659C5B-190B-459D-B176-E4013B395B7F}.Release|Any CPU.ActiveCfg = Release|Any CPU
		{2B659C5B-190B-459D-B176-E4013B395B7F}.Release|Any CPU.Build.0 = Release|Any CPU
	EndGlobalSection
	GlobalSection(SolutionProperties) = preSolution
		HideSolutionNode = FALSE
	EndGlobalSection
	GlobalSection(ExtensibilityGlobals) = postSolution
		SolutionGuid = {91E3C888-59B7-4163-81C3-09F5F0647958}
	EndGlobalSection
EndGlobal
